// !$*UTF8*$!
{
	archiveVersion = 1;
	classes = {
	};
	objectVersion = 50;
	objects = {

/* Begin PBXBuildFile section */
		22B63D8725A39509008E785F /* AppDelegate.swift in Sources */ = {isa = PBXBuildFile; fileRef = 22B63D8625A39509008E785F /* AppDelegate.swift */; };
		22B63D8925A39509008E785F /* SceneDelegate.swift in Sources */ = {isa = PBXBuildFile; fileRef = 22B63D8825A39509008E785F /* SceneDelegate.swift */; };
		22B63D8B25A39509008E785F /* ViewController.swift in Sources */ = {isa = PBXBuildFile; fileRef = 22B63D8A25A39509008E785F /* ViewController.swift */; };
		22B63D8E25A39509008E785F /* Main.storyboard in Resources */ = {isa = PBXBuildFile; fileRef = 22B63D8C25A39509008E785F /* Main.storyboard */; };
		22B63D9025A3950A008E785F /* Assets.xcassets in Resources */ = {isa = PBXBuildFile; fileRef = 22B63D8F25A3950A008E785F /* Assets.xcassets */; };
		22B63D9325A3950A008E785F /* LaunchScreen.storyboard in Resources */ = {isa = PBXBuildFile; fileRef = 22B63D9125A3950A008E785F /* LaunchScreen.storyboard */; };
		22B63D9F25A39593008E785F /* CPU.swift in Sources */ = {isa = PBXBuildFile; fileRef = 2266548425A2287400297D3B /* CPU.swift */; };
		22B63DA025A39593008E785F /* State.swift in Sources */ = {isa = PBXBuildFile; fileRef = 2266547D259F792000297D3B /* State.swift */; };
		22B63DA125A39593008E785F /* InvaderMachine.swift in Sources */ = {isa = PBXBuildFile; fileRef = 2266549025A24AF600297D3B /* InvaderMachine.swift */; };
		22B63DA225A39593008E785F /* ShiftRegister.swift in Sources */ = {isa = PBXBuildFile; fileRef = 2266549325A24C2C00297D3B /* ShiftRegister.swift */; };
		22B63DA325A39593008E785F /* OpCode.swift in Sources */ = {isa = PBXBuildFile; fileRef = 22665471259E362C00297D3B /* OpCode.swift */; };
		22B63DA425A39593008E785F /* Disassembler.swift in Sources */ = {isa = PBXBuildFile; fileRef = 22665480259F7BDA00297D3B /* Disassembler.swift */; };
		22B63DA625A3959A008E785F /* UInt8+Extensions.swift in Sources */ = {isa = PBXBuildFile; fileRef = 2266548825A2295A00297D3B /* UInt8+Extensions.swift */; };
		22B63DAA25A399EA008E785F /* UIImage+Bitmap.swift in Sources */ = {isa = PBXBuildFile; fileRef = 22B63DA925A399EA008E785F /* UIImage+Bitmap.swift */; };
		22B63DAE25A39A13008E785F /* Bitmap.swift in Sources */ = {isa = PBXBuildFile; fileRef = 22B63DAD25A39A13008E785F /* Bitmap.swift */; };
		22B63DB525AA440D008E785F /* TimeHelper.m in Sources */ = {isa = PBXBuildFile; fileRef = 22B63DB425AA440D008E785F /* TimeHelper.m */; };
/* End PBXBuildFile section */

/* Begin PBXFileReference section */
		22665471259E362C00297D3B /* OpCode.swift */ = {isa = PBXFileReference; lastKnownFileType = sourcecode.swift; path = OpCode.swift; sourceTree = "<group>"; };
		2266547D259F792000297D3B /* State.swift */ = {isa = PBXFileReference; lastKnownFileType = sourcecode.swift; path = State.swift; sourceTree = "<group>"; };
		22665480259F7BDA00297D3B /* Disassembler.swift */ = {isa = PBXFileReference; lastKnownFileType = sourcecode.swift; path = Disassembler.swift; sourceTree = "<group>"; };
		2266548425A2287400297D3B /* CPU.swift */ = {isa = PBXFileReference; lastKnownFileType = sourcecode.swift; path = CPU.swift; sourceTree = "<group>"; };
		2266548825A2295A00297D3B /* UInt8+Extensions.swift */ = {isa = PBXFileReference; lastKnownFileType = sourcecode.swift; path = "UInt8+Extensions.swift"; sourceTree = "<group>"; };
		2266549025A24AF600297D3B /* InvaderMachine.swift */ = {isa = PBXFileReference; lastKnownFileType = sourcecode.swift; path = InvaderMachine.swift; sourceTree = "<group>"; };
		2266549325A24C2C00297D3B /* ShiftRegister.swift */ = {isa = PBXFileReference; lastKnownFileType = sourcecode.swift; path = ShiftRegister.swift; sourceTree = "<group>"; };
		22B63D8425A39509008E785F /* Emul8080r.app */ = {isa = PBXFileReference; explicitFileType = wrapper.application; includeInIndex = 0; path = Emul8080r.app; sourceTree = BUILT_PRODUCTS_DIR; };
		22B63D8625A39509008E785F /* AppDelegate.swift */ = {isa = PBXFileReference; lastKnownFileType = sourcecode.swift; path = AppDelegate.swift; sourceTree = "<group>"; };
		22B63D8825A39509008E785F /* SceneDelegate.swift */ = {isa = PBXFileReference; lastKnownFileType = sourcecode.swift; path = SceneDelegate.swift; sourceTree = "<group>"; };
		22B63D8A25A39509008E785F /* ViewController.swift */ = {isa = PBXFileReference; lastKnownFileType = sourcecode.swift; path = ViewController.swift; sourceTree = "<group>"; };
		22B63D8D25A39509008E785F /* Base */ = {isa = PBXFileReference; lastKnownFileType = file.storyboard; name = Base; path = Base.lproj/Main.storyboard; sourceTree = "<group>"; };
		22B63D8F25A3950A008E785F /* Assets.xcassets */ = {isa = PBXFileReference; lastKnownFileType = folder.assetcatalog; path = Assets.xcassets; sourceTree = "<group>"; };
		22B63D9225A3950A008E785F /* Base */ = {isa = PBXFileReference; lastKnownFileType = file.storyboard; name = Base; path = Base.lproj/LaunchScreen.storyboard; sourceTree = "<group>"; };
		22B63D9425A3950A008E785F /* Info.plist */ = {isa = PBXFileReference; lastKnownFileType = text.plist.xml; path = Info.plist; sourceTree = "<group>"; };
		22B63DA925A399EA008E785F /* UIImage+Bitmap.swift */ = {isa = PBXFileReference; lastKnownFileType = sourcecode.swift; path = "UIImage+Bitmap.swift"; sourceTree = "<group>"; };
		22B63DAD25A39A13008E785F /* Bitmap.swift */ = {isa = PBXFileReference; lastKnownFileType = sourcecode.swift; path = Bitmap.swift; sourceTree = "<group>"; };
		22B63DB325AA4409008E785F /* Emul8080r-Bridging-Header.h */ = {isa = PBXFileReference; lastKnownFileType = sourcecode.c.h; path = "Emul8080r-Bridging-Header.h"; sourceTree = "<group>"; };
		22B63DB425AA440D008E785F /* TimeHelper.m */ = {isa = PBXFileReference; lastKnownFileType = sourcecode.c.objc; path = TimeHelper.m; sourceTree = "<group>"; };
		22B63DB725AA4449008E785F /* TimeHelper.h */ = {isa = PBXFileReference; lastKnownFileType = sourcecode.c.h; path = TimeHelper.h; sourceTree = "<group>"; };
/* End PBXFileReference section */

/* Begin PBXFrameworksBuildPhase section */
		22B63D8125A39509008E785F /* Frameworks */ = {
			isa = PBXFrameworksBuildPhase;
			buildActionMask = 2147483647;
			files = (
			);
			runOnlyForDeploymentPostprocessing = 0;
		};
/* End PBXFrameworksBuildPhase section */

/* Begin PBXGroup section */
		2266545D259E35BC00297D3B = {
			isa = PBXGroup;
			children = (
				22B63D8525A39509008E785F /* Emul8080r */,
				22665467259E35BC00297D3B /* Products */,
				22B63DB325AA4409008E785F /* Emul8080r-Bridging-Header.h */,
			);
			sourceTree = "<group>";
		};
		22665467259E35BC00297D3B /* Products */ = {
			isa = PBXGroup;
			children = (
				22B63D8425A39509008E785F /* Emul8080r.app */,
			);
			name = Products;
			sourceTree = "<group>";
		};
		2266548725A2294A00297D3B /* Extensions */ = {
			isa = PBXGroup;
			children = (
				22B63DB725AA4449008E785F /* TimeHelper.h */,
				22B63DB425AA440D008E785F /* TimeHelper.m */,
				2266548825A2295A00297D3B /* UInt8+Extensions.swift */,
			);
			path = Extensions;
			sourceTree = "<group>";
		};
		2266548D25A22A6A00297D3B /* Models */ = {
			isa = PBXGroup;
			children = (
				2266549725A24C3500297D3B /* Space Invaders */,
				2266549625A24C3000297D3B /* 8080 */,
			);
			path = Models;
			sourceTree = "<group>";
		};
		2266549625A24C3000297D3B /* 8080 */ = {
			isa = PBXGroup;
			children = (
				22665471259E362C00297D3B /* OpCode.swift */,
				2266547D259F792000297D3B /* State.swift */,
				22665480259F7BDA00297D3B /* Disassembler.swift */,
				2266548425A2287400297D3B /* CPU.swift */,
			);
			path = 8080;
			sourceTree = "<group>";
		};
		2266549725A24C3500297D3B /* Space Invaders */ = {
			isa = PBXGroup;
			children = (
				2266549325A24C2C00297D3B /* ShiftRegister.swift */,
				2266549025A24AF600297D3B /* InvaderMachine.swift */,
			);
			path = "Space Invaders";
			sourceTree = "<group>";
		};
		22B63D8525A39509008E785F /* Emul8080r */ = {
			isa = PBXGroup;
			children = (
				22B63DA825A399DC008E785F /* iOS */,
				22B63D9B25A39527008E785F /* Engine */,
				22B63D8625A39509008E785F /* AppDelegate.swift */,
				22B63D8825A39509008E785F /* SceneDelegate.swift */,
				22B63D8A25A39509008E785F /* ViewController.swift */,
				22B63D8C25A39509008E785F /* Main.storyboard */,
				22B63D8F25A3950A008E785F /* Assets.xcassets */,
				22B63D9125A3950A008E785F /* LaunchScreen.storyboard */,
				22B63D9425A3950A008E785F /* Info.plist */,
			);
			path = Emul8080r;
			sourceTree = "<group>";
		};
		22B63D9B25A39527008E785F /* Engine */ = {
			isa = PBXGroup;
			children = (
				2266548D25A22A6A00297D3B /* Models */,
				2266548725A2294A00297D3B /* Extensions */,
			);
			path = Engine;
			sourceTree = "<group>";
		};
		22B63DA825A399DC008E785F /* iOS */ = {
			isa = PBXGroup;
			children = (
				22B63DA925A399EA008E785F /* UIImage+Bitmap.swift */,
				22B63DAD25A39A13008E785F /* Bitmap.swift */,
			);
			path = iOS;
			sourceTree = "<group>";
		};
/* End PBXGroup section */

/* Begin PBXNativeTarget section */
		22B63D8325A39509008E785F /* Emul8080r */ = {
			isa = PBXNativeTarget;
			buildConfigurationList = 22B63D9525A3950A008E785F /* Build configuration list for PBXNativeTarget "Emul8080r" */;
			buildPhases = (
				22B63D8025A39509008E785F /* Sources */,
				22B63D8125A39509008E785F /* Frameworks */,
				22B63D8225A39509008E785F /* Resources */,
			);
			buildRules = (
			);
			dependencies = (
			);
			name = Emul8080r;
			productName = Emul8080r;
			productReference = 22B63D8425A39509008E785F /* Emul8080r.app */;
			productType = "com.apple.product-type.application";
		};
/* End PBXNativeTarget section */

/* Begin PBXProject section */
		2266545E259E35BC00297D3B /* Project object */ = {
			isa = PBXProject;
			attributes = {
				LastSwiftUpdateCheck = 1220;
				LastUpgradeCheck = 1220;
				TargetAttributes = {
					22B63D8325A39509008E785F = {
						CreatedOnToolsVersion = 12.2;
						LastSwiftMigration = 1220;
					};
				};
			};
			buildConfigurationList = 22665461259E35BC00297D3B /* Build configuration list for PBXProject "Emul8080r" */;
			compatibilityVersion = "Xcode 9.3";
			developmentRegion = en;
			hasScannedForEncodings = 0;
			knownRegions = (
				en,
				Base,
			);
			mainGroup = 2266545D259E35BC00297D3B;
			productRefGroup = 22665467259E35BC00297D3B /* Products */;
			projectDirPath = "";
			projectRoot = "";
			targets = (
				22B63D8325A39509008E785F /* Emul8080r */,
			);
		};
/* End PBXProject section */

/* Begin PBXResourcesBuildPhase section */
		22B63D8225A39509008E785F /* Resources */ = {
			isa = PBXResourcesBuildPhase;
			buildActionMask = 2147483647;
			files = (
				22B63D9325A3950A008E785F /* LaunchScreen.storyboard in Resources */,
				22B63D9025A3950A008E785F /* Assets.xcassets in Resources */,
				22B63D8E25A39509008E785F /* Main.storyboard in Resources */,
			);
			runOnlyForDeploymentPostprocessing = 0;
		};
/* End PBXResourcesBuildPhase section */

/* Begin PBXSourcesBuildPhase section */
		22B63D8025A39509008E785F /* Sources */ = {
			isa = PBXSourcesBuildPhase;
			buildActionMask = 2147483647;
			files = (
				22B63D9F25A39593008E785F /* CPU.swift in Sources */,
				22B63DA325A39593008E785F /* OpCode.swift in Sources */,
				22B63DA425A39593008E785F /* Disassembler.swift in Sources */,
				22B63DA125A39593008E785F /* InvaderMachine.swift in Sources */,
				22B63DAE25A39A13008E785F /* Bitmap.swift in Sources */,
				22B63DB525AA440D008E785F /* TimeHelper.m in Sources */,
				22B63DAA25A399EA008E785F /* UIImage+Bitmap.swift in Sources */,
				22B63D8B25A39509008E785F /* ViewController.swift in Sources */,
				22B63D8725A39509008E785F /* AppDelegate.swift in Sources */,
				22B63DA025A39593008E785F /* State.swift in Sources */,
				22B63DA225A39593008E785F /* ShiftRegister.swift in Sources */,
				22B63DA625A3959A008E785F /* UInt8+Extensions.swift in Sources */,
				22B63D8925A39509008E785F /* SceneDelegate.swift in Sources */,
			);
			runOnlyForDeploymentPostprocessing = 0;
		};
/* End PBXSourcesBuildPhase section */

/* Begin PBXVariantGroup section */
		22B63D8C25A39509008E785F /* Main.storyboard */ = {
			isa = PBXVariantGroup;
			children = (
				22B63D8D25A39509008E785F /* Base */,
			);
			name = Main.storyboard;
			sourceTree = "<group>";
		};
		22B63D9125A3950A008E785F /* LaunchScreen.storyboard */ = {
			isa = PBXVariantGroup;
			children = (
				22B63D9225A3950A008E785F /* Base */,
			);
			name = LaunchScreen.storyboard;
			sourceTree = "<group>";
		};
/* End PBXVariantGroup section */

/* Begin XCBuildConfiguration section */
		2266546B259E35BC00297D3B /* Debug */ = {
			isa = XCBuildConfiguration;
			buildSettings = {
				ALWAYS_SEARCH_USER_PATHS = NO;
				CLANG_ANALYZER_NONNULL = YES;
				CLANG_ANALYZER_NUMBER_OBJECT_CONVERSION = YES_AGGRESSIVE;
				CLANG_CXX_LANGUAGE_STANDARD = "gnu++14";
				CLANG_CXX_LIBRARY = "libc++";
				CLANG_ENABLE_MODULES = YES;
				CLANG_ENABLE_OBJC_ARC = YES;
				CLANG_ENABLE_OBJC_WEAK = YES;
				CLANG_WARN_BLOCK_CAPTURE_AUTORELEASING = YES;
				CLANG_WARN_BOOL_CONVERSION = YES;
				CLANG_WARN_COMMA = YES;
				CLANG_WARN_CONSTANT_CONVERSION = YES;
				CLANG_WARN_DEPRECATED_OBJC_IMPLEMENTATIONS = YES;
				CLANG_WARN_DIRECT_OBJC_ISA_USAGE = YES_ERROR;
				CLANG_WARN_DOCUMENTATION_COMMENTS = YES;
				CLANG_WARN_EMPTY_BODY = YES;
				CLANG_WARN_ENUM_CONVERSION = YES;
				CLANG_WARN_INFINITE_RECURSION = YES;
				CLANG_WARN_INT_CONVERSION = YES;
				CLANG_WARN_NON_LITERAL_NULL_CONVERSION = YES;
				CLANG_WARN_OBJC_IMPLICIT_RETAIN_SELF = YES;
				CLANG_WARN_OBJC_LITERAL_CONVERSION = YES;
				CLANG_WARN_OBJC_ROOT_CLASS = YES_ERROR;
				CLANG_WARN_QUOTED_INCLUDE_IN_FRAMEWORK_HEADER = YES;
				CLANG_WARN_RANGE_LOOP_ANALYSIS = YES;
				CLANG_WARN_STRICT_PROTOTYPES = YES;
				CLANG_WARN_SUSPICIOUS_MOVE = YES;
				CLANG_WARN_UNGUARDED_AVAILABILITY = YES_AGGRESSIVE;
				CLANG_WARN_UNREACHABLE_CODE = YES;
				CLANG_WARN__DUPLICATE_METHOD_MATCH = YES;
				COPY_PHASE_STRIP = NO;
				DEBUG_INFORMATION_FORMAT = dwarf;
				ENABLE_STRICT_OBJC_MSGSEND = YES;
				ENABLE_TESTABILITY = YES;
				GCC_C_LANGUAGE_STANDARD = gnu11;
				GCC_DYNAMIC_NO_PIC = NO;
				GCC_NO_COMMON_BLOCKS = YES;
				GCC_OPTIMIZATION_LEVEL = 0;
				GCC_PREPROCESSOR_DEFINITIONS = (
					"DEBUG=1",
					"$(inherited)",
				);
				GCC_WARN_64_TO_32_BIT_CONVERSION = YES;
				GCC_WARN_ABOUT_RETURN_TYPE = YES_ERROR;
				GCC_WARN_UNDECLARED_SELECTOR = YES;
				GCC_WARN_UNINITIALIZED_AUTOS = YES_AGGRESSIVE;
				GCC_WARN_UNUSED_FUNCTION = YES;
				GCC_WARN_UNUSED_VARIABLE = YES;
				MACOSX_DEPLOYMENT_TARGET = 10.15;
				MTL_ENABLE_DEBUG_INFO = INCLUDE_SOURCE;
				MTL_FAST_MATH = YES;
				ONLY_ACTIVE_ARCH = YES;
				SDKROOT = macosx;
				SWIFT_ACTIVE_COMPILATION_CONDITIONS = DEBUG;
				SWIFT_OPTIMIZATION_LEVEL = "-Onone";
			};
			name = Debug;
		};
		2266546C259E35BC00297D3B /* Release */ = {
			isa = XCBuildConfiguration;
			buildSettings = {
				ALWAYS_SEARCH_USER_PATHS = NO;
				CLANG_ANALYZER_NONNULL = YES;
				CLANG_ANALYZER_NUMBER_OBJECT_CONVERSION = YES_AGGRESSIVE;
				CLANG_CXX_LANGUAGE_STANDARD = "gnu++14";
				CLANG_CXX_LIBRARY = "libc++";
				CLANG_ENABLE_MODULES = YES;
				CLANG_ENABLE_OBJC_ARC = YES;
				CLANG_ENABLE_OBJC_WEAK = YES;
				CLANG_WARN_BLOCK_CAPTURE_AUTORELEASING = YES;
				CLANG_WARN_BOOL_CONVERSION = YES;
				CLANG_WARN_COMMA = YES;
				CLANG_WARN_CONSTANT_CONVERSION = YES;
				CLANG_WARN_DEPRECATED_OBJC_IMPLEMENTATIONS = YES;
				CLANG_WARN_DIRECT_OBJC_ISA_USAGE = YES_ERROR;
				CLANG_WARN_DOCUMENTATION_COMMENTS = YES;
				CLANG_WARN_EMPTY_BODY = YES;
				CLANG_WARN_ENUM_CONVERSION = YES;
				CLANG_WARN_INFINITE_RECURSION = YES;
				CLANG_WARN_INT_CONVERSION = YES;
				CLANG_WARN_NON_LITERAL_NULL_CONVERSION = YES;
				CLANG_WARN_OBJC_IMPLICIT_RETAIN_SELF = YES;
				CLANG_WARN_OBJC_LITERAL_CONVERSION = YES;
				CLANG_WARN_OBJC_ROOT_CLASS = YES_ERROR;
				CLANG_WARN_QUOTED_INCLUDE_IN_FRAMEWORK_HEADER = YES;
				CLANG_WARN_RANGE_LOOP_ANALYSIS = YES;
				CLANG_WARN_STRICT_PROTOTYPES = YES;
				CLANG_WARN_SUSPICIOUS_MOVE = YES;
				CLANG_WARN_UNGUARDED_AVAILABILITY = YES_AGGRESSIVE;
				CLANG_WARN_UNREACHABLE_CODE = YES;
				CLANG_WARN__DUPLICATE_METHOD_MATCH = YES;
				COPY_PHASE_STRIP = NO;
				DEBUG_INFORMATION_FORMAT = "dwarf-with-dsym";
				ENABLE_NS_ASSERTIONS = NO;
				ENABLE_STRICT_OBJC_MSGSEND = YES;
				GCC_C_LANGUAGE_STANDARD = gnu11;
				GCC_NO_COMMON_BLOCKS = YES;
				GCC_OPTIMIZATION_LEVEL = fast;
				GCC_WARN_64_TO_32_BIT_CONVERSION = YES;
				GCC_WARN_ABOUT_RETURN_TYPE = YES_ERROR;
				GCC_WARN_UNDECLARED_SELECTOR = YES;
				GCC_WARN_UNINITIALIZED_AUTOS = YES_AGGRESSIVE;
				GCC_WARN_UNUSED_FUNCTION = YES;
				GCC_WARN_UNUSED_VARIABLE = YES;
				MACOSX_DEPLOYMENT_TARGET = 10.15;
				MTL_ENABLE_DEBUG_INFO = NO;
				MTL_FAST_MATH = YES;
				SDKROOT = macosx;
				SWIFT_COMPILATION_MODE = wholemodule;
				SWIFT_OPTIMIZATION_LEVEL = "-O";
			};
			name = Release;
		};
		22B63D9625A3950A008E785F /* Debug */ = {
			isa = XCBuildConfiguration;
			buildSettings = {
				ASSETCATALOG_COMPILER_APPICON_NAME = AppIcon;
				ASSETCATALOG_COMPILER_GLOBAL_ACCENT_COLOR_NAME = AccentColor;
				CLANG_ENABLE_MODULES = YES;
				CODE_SIGN_STYLE = Automatic;
				DEVELOPMENT_TEAM = AFZ4443Y2P;
				INFOPLIST_FILE = Emul8080r/Info.plist;
				IPHONEOS_DEPLOYMENT_TARGET = 14.2;
				LD_RUNPATH_SEARCH_PATHS = (
					"$(inherited)",
					"@executable_path/Frameworks",
				);
				PRODUCT_BUNDLE_IDENTIFIER = dev.searle.Emul8080r;
				PRODUCT_NAME = "$(TARGET_NAME)";
				SDKROOT = iphoneos;
				SWIFT_OBJC_BRIDGING_HEADER = "Emul8080r-Bridging-Header.h";
				SWIFT_OPTIMIZATION_LEVEL = "-Onone";
				SWIFT_VERSION = 5.0;
				TARGETED_DEVICE_FAMILY = "1,2";
			};
			name = Debug;
		};
		22B63D9725A3950A008E785F /* Release */ = {
			isa = XCBuildConfiguration;
			buildSettings = {
				ASSETCATALOG_COMPILER_APPICON_NAME = AppIcon;
				ASSETCATALOG_COMPILER_GLOBAL_ACCENT_COLOR_NAME = AccentColor;
				CLANG_ENABLE_MODULES = YES;
				CODE_SIGN_STYLE = Automatic;
				DEVELOPMENT_TEAM = AFZ4443Y2P;
				INFOPLIST_FILE = Emul8080r/Info.plist;
				IPHONEOS_DEPLOYMENT_TARGET = 14.2;
				LD_RUNPATH_SEARCH_PATHS = (
					"$(inherited)",
					"@executable_path/Frameworks",
				);
				PRODUCT_BUNDLE_IDENTIFIER = dev.searle.Emul8080r;
				PRODUCT_NAME = "$(TARGET_NAME)";
				SDKROOT = iphoneos;
				SWIFT_OBJC_BRIDGING_HEADER = "Emul8080r-Bridging-Header.h";
				SWIFT_VERSION = 5.0;
				TARGETED_DEVICE_FAMILY = "1,2";
				VALIDATE_PRODUCT = YES;
			};
			name = Release;
		};
/* End XCBuildConfiguration section */

/* Begin XCConfigurationList section */
		22665461259E35BC00297D3B /* Build configuration list for PBXProject "Emul8080r" */ = {
			isa = XCConfigurationList;
			buildConfigurations = (
				2266546B259E35BC00297D3B /* Debug */,
				2266546C259E35BC00297D3B /* Release */,
			);
			defaultConfigurationIsVisible = 0;
			defaultConfigurationName = Release;
		};
		22B63D9525A3950A008E785F /* Build configuration list for PBXNativeTarget "Emul8080r" */ = {
			isa = XCConfigurationList;
			buildConfigurations = (
				22B63D9625A3950A008E785F /* Debug */,
				22B63D9725A3950A008E785F /* Release */,
			);
			defaultConfigurationIsVisible = 0;
			defaultConfigurationName = Release;
		};
/* End XCConfigurationList section */
	};
	rootObject = 2266545E259E35BC00297D3B /* Project object */;
}
